// !$*UTF8*$!
{
	archiveVersion = 1;
	classes = {
	};
	objectVersion = 56;
	objects = {

/* Begin PBXBuildFile section */
		C008900329E1B09400031176 /* SettingsView.swift in Sources */ = {isa = PBXBuildFile; fileRef = C008900229E1B09400031176 /* SettingsView.swift */; };
		C024683F2BDF972600CE5A6B /* PrayerTimeView.swift in Sources */ = {isa = PBXBuildFile; fileRef = C024683E2BDF972600CE5A6B /* PrayerTimeView.swift */; };
		C02468422BDF979A00CE5A6B /* Adhan in Frameworks */ = {isa = PBXBuildFile; productRef = C02468412BDF979A00CE5A6B /* Adhan */; };
		C025CE992A03E4300052188D /* Localizable.strings in Resources */ = {isa = PBXBuildFile; fileRef = C025CE9B2A03E4300052188D /* Localizable.strings */; };
		C036BC852997A8E40000FD8E /* Lato-Italic.ttf in Resources */ = {isa = PBXBuildFile; fileRef = C036BC842997A8E40000FD8E /* Lato-Italic.ttf */; };
		C036BC872997AAFA0000FD8E /* Lato-BlackItalic.ttf in Resources */ = {isa = PBXBuildFile; fileRef = C036BC862997AAFA0000FD8E /* Lato-BlackItalic.ttf */; };
		C036BC892997AD040000FD8E /* Lato-Bold.ttf in Resources */ = {isa = PBXBuildFile; fileRef = C036BC882997AD040000FD8E /* Lato-Bold.ttf */; };
		C036BC8B2997AD350000FD8E /* Lato-Black.ttf in Resources */ = {isa = PBXBuildFile; fileRef = C036BC8A2997AD350000FD8E /* Lato-Black.ttf */; };
		C041C7A02BB06739007381FB /* .gitignore in Resources */ = {isa = PBXBuildFile; fileRef = C041C79F2BB06739007381FB /* .gitignore */; };
		C0514F342998F3C000AA1776 /* PDFView.swift in Sources */ = {isa = PBXBuildFile; fileRef = C0514F332998F3C000AA1776 /* PDFView.swift */; };
		C05648EF2BB5AA8700E12230 /* hadj_proroka.pdf in Resources */ = {isa = PBXBuildFile; fileRef = C05648EE2BB5AA8700E12230 /* hadj_proroka.pdf */; };
		C063ADE329DF2E5B00746D2E /* PlayerView.swift in Sources */ = {isa = PBXBuildFile; fileRef = C063ADE229DF2E5B00746D2E /* PlayerView.swift */; };
		C063ADF229DF2FC700746D2E /* 5.mp3 in Resources */ = {isa = PBXBuildFile; fileRef = C063ADE529DF2FC400746D2E /* 5.mp3 */; };
		C063ADF329DF2FC700746D2E /* 2.mp3 in Resources */ = {isa = PBXBuildFile; fileRef = C063ADE629DF2FC500746D2E /* 2.mp3 */; };
		C063ADF429DF2FC700746D2E /* 12.mp3 in Resources */ = {isa = PBXBuildFile; fileRef = C063ADE729DF2FC500746D2E /* 12.mp3 */; };
		C063ADF529DF2FC700746D2E /* 4.mp3 in Resources */ = {isa = PBXBuildFile; fileRef = C063ADE829DF2FC500746D2E /* 4.mp3 */; };
		C063ADF629DF2FC700746D2E /* 10.mp3 in Resources */ = {isa = PBXBuildFile; fileRef = C063ADE929DF2FC500746D2E /* 10.mp3 */; };
		C063ADF729DF2FC700746D2E /* 7.mp3 in Resources */ = {isa = PBXBuildFile; fileRef = C063ADEA29DF2FC500746D2E /* 7.mp3 */; };
		C063ADF829DF2FC700746D2E /* 6.mp3 in Resources */ = {isa = PBXBuildFile; fileRef = C063ADEB29DF2FC600746D2E /* 6.mp3 */; };
		C063ADF929DF2FC700746D2E /* 11.mp3 in Resources */ = {isa = PBXBuildFile; fileRef = C063ADEC29DF2FC600746D2E /* 11.mp3 */; };
		C063ADFA29DF2FC700746D2E /* 13.mp3 in Resources */ = {isa = PBXBuildFile; fileRef = C063ADED29DF2FC600746D2E /* 13.mp3 */; };
		C063ADFB29DF2FC700746D2E /* 9.mp3 in Resources */ = {isa = PBXBuildFile; fileRef = C063ADEE29DF2FC600746D2E /* 9.mp3 */; };
		C063ADFC29DF2FC700746D2E /* 3.mp3 in Resources */ = {isa = PBXBuildFile; fileRef = C063ADEF29DF2FC600746D2E /* 3.mp3 */; };
		C063ADFD29DF2FC700746D2E /* 1.mp3 in Resources */ = {isa = PBXBuildFile; fileRef = C063ADF029DF2FC600746D2E /* 1.mp3 */; };
		C063ADFE29DF2FC700746D2E /* 8.mp3 in Resources */ = {isa = PBXBuildFile; fileRef = C063ADF129DF2FC700746D2E /* 8.mp3 */; };
		C077B4762B20D3EA00086594 /* PurchaseView.swift in Sources */ = {isa = PBXBuildFile; fileRef = C077B4752B20D3EA00086594 /* PurchaseView.swift */; };
		C077B4782B20D41D00086594 /* StoreKit.swift in Sources */ = {isa = PBXBuildFile; fileRef = C077B4772B20D41D00086594 /* StoreKit.swift */; };
		C077B47A2B20D45600086594 /* DonationView.swift in Sources */ = {isa = PBXBuildFile; fileRef = C077B4792B20D45600086594 /* DonationView.swift */; };
		C079318C2B246BAE00B38D01 /* StoreKit.framework in Frameworks */ = {isa = PBXBuildFile; fileRef = C079318B2B246BAE00B38D01 /* StoreKit.framework */; };
		C07BE9072AA3474600BA3A15 /* hadj_i_umra.pdf in Resources */ = {isa = PBXBuildFile; fileRef = C07BE9062AA3474600BA3A15 /* hadj_i_umra.pdf */; };
		C07BE9262AA34B8900BA3A15 /* CounterTapView.swift in Sources */ = {isa = PBXBuildFile; fileRef = C07BE9252AA34B8900BA3A15 /* CounterTapView.swift */; };
		C08EAFD32AF91CFB00C847AC /* textFont.swift in Sources */ = {isa = PBXBuildFile; fileRef = C08EAFD22AF91CFB00C847AC /* textFont.swift */; };
		C0908DDC29829F8A00458ACB /* umraApp.swift in Sources */ = {isa = PBXBuildFile; fileRef = C0908DDB29829F8A00458ACB /* umraApp.swift */; };
		C0908DDE29829F8A00458ACB /* ContentView.swift in Sources */ = {isa = PBXBuildFile; fileRef = C0908DDD29829F8A00458ACB /* ContentView.swift */; };
		C0908DE029829F8A00458ACB /* Assets.xcassets in Resources */ = {isa = PBXBuildFile; fileRef = C0908DDF29829F8A00458ACB /* Assets.xcassets */; };
		C0908DE329829F8A00458ACB /* Preview Assets.xcassets in Resources */ = {isa = PBXBuildFile; fileRef = C0908DE229829F8A00458ACB /* Preview Assets.xcassets */; };
		C0908DEC2982A02E00458ACB /* CustomMidifierView.swift in Sources */ = {isa = PBXBuildFile; fileRef = C0908DEB2982A02E00458ACB /* CustomMidifierView.swift */; };
		C0908DEF2982A07900458ACB /* Step 1.swift in Sources */ = {isa = PBXBuildFile; fileRef = C0908DEE2982A07900458ACB /* Step 1.swift */; };
		C0908DF12982A08B00458ACB /* Step 2.swift in Sources */ = {isa = PBXBuildFile; fileRef = C0908DF02982A08B00458ACB /* Step 2.swift */; };
		C0908DF32982A09400458ACB /* Step 3.swift in Sources */ = {isa = PBXBuildFile; fileRef = C0908DF22982A09400458ACB /* Step 3.swift */; };
		C0908DF52982A09E00458ACB /* Step 4.swift in Sources */ = {isa = PBXBuildFile; fileRef = C0908DF42982A09D00458ACB /* Step 4.swift */; };
		C0908DF72982A0AA00458ACB /* Step 5.swift in Sources */ = {isa = PBXBuildFile; fileRef = C0908DF62982A0AA00458ACB /* Step 5.swift */; };
		C0908DF92982A0B300458ACB /* Step 6.swift in Sources */ = {isa = PBXBuildFile; fileRef = C0908DF82982A0B300458ACB /* Step 6.swift */; };
		C0908DFB2982A0BC00458ACB /* Step 7.swift in Sources */ = {isa = PBXBuildFile; fileRef = C0908DFA2982A0BC00458ACB /* Step 7.swift */; };
		C0B443842AFA5CD4008513F9 /* CustomToolbar.swift in Sources */ = {isa = PBXBuildFile; fileRef = C0B443832AFA5CD4008513F9 /* CustomToolbar.swift */; };
		C0DC35E02A0686A2002527D7 /* LanguageView.swift in Sources */ = {isa = PBXBuildFile; fileRef = C0DC35DF2A0686A2002527D7 /* LanguageView.swift */; };
		C24508EA2C9CD39D003E3E58 /* 1.png in Resources */ = {isa = PBXBuildFile; fileRef = C24508E92C9CD39D003E3E58 /* 1.png */; };
		C24508EC2C9CD3A6003E3E58 /* 2.png in Resources */ = {isa = PBXBuildFile; fileRef = C24508EB2C9CD3A6003E3E58 /* 2.png */; };
		C24508EE2C9CD3AD003E3E58 /* 3.png in Resources */ = {isa = PBXBuildFile; fileRef = C24508ED2C9CD3AD003E3E58 /* 3.png */; };
		C2E1173A2C999AE3002DC520 /* UsefulTex.swift in Sources */ = {isa = PBXBuildFile; fileRef = C2E117392C999AE3002DC520 /* UsefulTex.swift */; };
		C2E1173C2C999B31002DC520 /* UsefulInfoView.swift in Sources */ = {isa = PBXBuildFile; fileRef = C2E1173B2C999B31002DC520 /* UsefulInfoView.swift */; };
/* End PBXBuildFile section */

/* Begin PBXFileReference section */
		C008900229E1B09400031176 /* SettingsView.swift */ = {isa = PBXFileReference; lastKnownFileType = sourcecode.swift; path = SettingsView.swift; sourceTree = "<group>"; };
		C024683E2BDF972600CE5A6B /* PrayerTimeView.swift */ = {isa = PBXFileReference; lastKnownFileType = sourcecode.swift; path = PrayerTimeView.swift; sourceTree = "<group>"; };
		C036BC842997A8E40000FD8E /* Lato-Italic.ttf */ = {isa = PBXFileReference; lastKnownFileType = file; path = "Lato-Italic.ttf"; sourceTree = "<group>"; };
		C036BC862997AAFA0000FD8E /* Lato-BlackItalic.ttf */ = {isa = PBXFileReference; lastKnownFileType = file; path = "Lato-BlackItalic.ttf"; sourceTree = "<group>"; };
		C036BC882997AD040000FD8E /* Lato-Bold.ttf */ = {isa = PBXFileReference; lastKnownFileType = file; path = "Lato-Bold.ttf"; sourceTree = "<group>"; };
		C036BC8A2997AD350000FD8E /* Lato-Black.ttf */ = {isa = PBXFileReference; lastKnownFileType = file; path = "Lato-Black.ttf"; sourceTree = "<group>"; };
		C041C79F2BB06739007381FB /* .gitignore */ = {isa = PBXFileReference; lastKnownFileType = text; path = .gitignore; sourceTree = "<group>"; };
		C0514F332998F3C000AA1776 /* PDFView.swift */ = {isa = PBXFileReference; lastKnownFileType = sourcecode.swift; path = PDFView.swift; sourceTree = "<group>"; };
		C05648EE2BB5AA8700E12230 /* hadj_proroka.pdf */ = {isa = PBXFileReference; lastKnownFileType = image.pdf; path = hadj_proroka.pdf; sourceTree = "<group>"; };
		C063ADE229DF2E5B00746D2E /* PlayerView.swift */ = {isa = PBXFileReference; lastKnownFileType = sourcecode.swift; path = PlayerView.swift; sourceTree = "<group>"; };
		C063ADE529DF2FC400746D2E /* 5.mp3 */ = {isa = PBXFileReference; lastKnownFileType = audio.mp3; path = 5.mp3; sourceTree = "<group>"; };
		C063ADE629DF2FC500746D2E /* 2.mp3 */ = {isa = PBXFileReference; lastKnownFileType = audio.mp3; path = 2.mp3; sourceTree = "<group>"; };
		C063ADE729DF2FC500746D2E /* 12.mp3 */ = {isa = PBXFileReference; lastKnownFileType = audio.mp3; path = 12.mp3; sourceTree = "<group>"; };
		C063ADE829DF2FC500746D2E /* 4.mp3 */ = {isa = PBXFileReference; lastKnownFileType = audio.mp3; path = 4.mp3; sourceTree = "<group>"; };
		C063ADE929DF2FC500746D2E /* 10.mp3 */ = {isa = PBXFileReference; lastKnownFileType = audio.mp3; path = 10.mp3; sourceTree = "<group>"; };
		C063ADEA29DF2FC500746D2E /* 7.mp3 */ = {isa = PBXFileReference; lastKnownFileType = audio.mp3; path = 7.mp3; sourceTree = "<group>"; };
		C063ADEB29DF2FC600746D2E /* 6.mp3 */ = {isa = PBXFileReference; lastKnownFileType = audio.mp3; path = 6.mp3; sourceTree = "<group>"; };
		C063ADEC29DF2FC600746D2E /* 11.mp3 */ = {isa = PBXFileReference; lastKnownFileType = audio.mp3; path = 11.mp3; sourceTree = "<group>"; };
		C063ADED29DF2FC600746D2E /* 13.mp3 */ = {isa = PBXFileReference; lastKnownFileType = audio.mp3; path = 13.mp3; sourceTree = "<group>"; };
		C063ADEE29DF2FC600746D2E /* 9.mp3 */ = {isa = PBXFileReference; lastKnownFileType = audio.mp3; path = 9.mp3; sourceTree = "<group>"; };
		C063ADEF29DF2FC600746D2E /* 3.mp3 */ = {isa = PBXFileReference; lastKnownFileType = audio.mp3; path = 3.mp3; sourceTree = "<group>"; };
		C063ADF029DF2FC600746D2E /* 1.mp3 */ = {isa = PBXFileReference; lastKnownFileType = audio.mp3; path = 1.mp3; sourceTree = "<group>"; };
		C063ADF129DF2FC700746D2E /* 8.mp3 */ = {isa = PBXFileReference; lastKnownFileType = audio.mp3; path = 8.mp3; sourceTree = "<group>"; };
		C06B9C562A08F4A000549748 /* de */ = {isa = PBXFileReference; lastKnownFileType = text.plist.strings; name = de; path = de.lproj/Localizable.strings; sourceTree = "<group>"; };
		C06B9C572A08F4AE00549748 /* fr */ = {isa = PBXFileReference; lastKnownFileType = text.plist.strings; name = fr; path = fr.lproj/Localizable.strings; sourceTree = "<group>"; };
		C077B4752B20D3EA00086594 /* PurchaseView.swift */ = {isa = PBXFileReference; lastKnownFileType = sourcecode.swift; path = PurchaseView.swift; sourceTree = "<group>"; };
		C077B4772B20D41D00086594 /* StoreKit.swift */ = {isa = PBXFileReference; lastKnownFileType = sourcecode.swift; path = StoreKit.swift; sourceTree = "<group>"; };
		C077B4792B20D45600086594 /* DonationView.swift */ = {isa = PBXFileReference; lastKnownFileType = sourcecode.swift; path = DonationView.swift; sourceTree = "<group>"; };
		C07931892B24627100B38D01 /* InAppPurchase.storekit */ = {isa = PBXFileReference; lastKnownFileType = text; path = InAppPurchase.storekit; sourceTree = "<group>"; };
		C079318B2B246BAE00B38D01 /* StoreKit.framework */ = {isa = PBXFileReference; lastKnownFileType = wrapper.framework; name = StoreKit.framework; path = System/Library/Frameworks/StoreKit.framework; sourceTree = SDKROOT; };
		C07BE9062AA3474600BA3A15 /* hadj_i_umra.pdf */ = {isa = PBXFileReference; lastKnownFileType = image.pdf; path = hadj_i_umra.pdf; sourceTree = "<group>"; };
		C07BE9252AA34B8900BA3A15 /* CounterTapView.swift */ = {isa = PBXFileReference; lastKnownFileType = sourcecode.swift; path = CounterTapView.swift; sourceTree = "<group>"; };
		C08EAFD22AF91CFB00C847AC /* textFont.swift */ = {isa = PBXFileReference; lastKnownFileType = sourcecode.swift; path = textFont.swift; sourceTree = "<group>"; };
		C0908DD829829F8A00458ACB /* umra.app */ = {isa = PBXFileReference; explicitFileType = wrapper.application; includeInIndex = 0; path = umra.app; sourceTree = BUILT_PRODUCTS_DIR; };
		C0908DDB29829F8A00458ACB /* umraApp.swift */ = {isa = PBXFileReference; lastKnownFileType = sourcecode.swift; path = umraApp.swift; sourceTree = "<group>"; };
		C0908DDD29829F8A00458ACB /* ContentView.swift */ = {isa = PBXFileReference; lastKnownFileType = sourcecode.swift; path = ContentView.swift; sourceTree = "<group>"; };
		C0908DDF29829F8A00458ACB /* Assets.xcassets */ = {isa = PBXFileReference; lastKnownFileType = folder.assetcatalog; path = Assets.xcassets; sourceTree = "<group>"; };
		C0908DE229829F8A00458ACB /* Preview Assets.xcassets */ = {isa = PBXFileReference; lastKnownFileType = folder.assetcatalog; path = "Preview Assets.xcassets"; sourceTree = "<group>"; };
		C0908DEB2982A02E00458ACB /* CustomMidifierView.swift */ = {isa = PBXFileReference; lastKnownFileType = sourcecode.swift; path = CustomMidifierView.swift; sourceTree = "<group>"; };
		C0908DEE2982A07900458ACB /* Step 1.swift */ = {isa = PBXFileReference; lastKnownFileType = sourcecode.swift; path = "Step 1.swift"; sourceTree = "<group>"; };
		C0908DF02982A08B00458ACB /* Step 2.swift */ = {isa = PBXFileReference; lastKnownFileType = sourcecode.swift; path = "Step 2.swift"; sourceTree = "<group>"; };
		C0908DF22982A09400458ACB /* Step 3.swift */ = {isa = PBXFileReference; lastKnownFileType = sourcecode.swift; path = "Step 3.swift"; sourceTree = "<group>"; };
		C0908DF42982A09D00458ACB /* Step 4.swift */ = {isa = PBXFileReference; lastKnownFileType = sourcecode.swift; path = "Step 4.swift"; sourceTree = "<group>"; };
		C0908DF62982A0AA00458ACB /* Step 5.swift */ = {isa = PBXFileReference; lastKnownFileType = sourcecode.swift; path = "Step 5.swift"; sourceTree = "<group>"; };
		C0908DF82982A0B300458ACB /* Step 6.swift */ = {isa = PBXFileReference; lastKnownFileType = sourcecode.swift; path = "Step 6.swift"; sourceTree = "<group>"; };
		C0908DFA2982A0BC00458ACB /* Step 7.swift */ = {isa = PBXFileReference; lastKnownFileType = sourcecode.swift; path = "Step 7.swift"; sourceTree = "<group>"; };
		C0B443832AFA5CD4008513F9 /* CustomToolbar.swift */ = {isa = PBXFileReference; lastKnownFileType = sourcecode.swift; path = CustomToolbar.swift; sourceTree = "<group>"; };
		C0DC35DF2A0686A2002527D7 /* LanguageView.swift */ = {isa = PBXFileReference; lastKnownFileType = sourcecode.swift; path = LanguageView.swift; sourceTree = "<group>"; };
		C0DC35E12A0687DF002527D7 /* ru */ = {isa = PBXFileReference; lastKnownFileType = text.plist.strings; name = ru; path = ru.lproj/Localizable.strings; sourceTree = "<group>"; };
		C0DC35E22A068F21002527D7 /* en */ = {isa = PBXFileReference; lastKnownFileType = text.plist.strings; name = en; path = en.lproj/Localizable.strings; sourceTree = "<group>"; };
		C24508E92C9CD39D003E3E58 /* 1.png */ = {isa = PBXFileReference; lastKnownFileType = image.png; path = 1.png; sourceTree = "<group>"; };
		C24508EB2C9CD3A6003E3E58 /* 2.png */ = {isa = PBXFileReference; lastKnownFileType = image.png; path = 2.png; sourceTree = "<group>"; };
		C24508ED2C9CD3AD003E3E58 /* 3.png */ = {isa = PBXFileReference; lastKnownFileType = image.png; path = 3.png; sourceTree = "<group>"; };
		C2E117392C999AE3002DC520 /* UsefulTex.swift */ = {isa = PBXFileReference; lastKnownFileType = sourcecode.swift; path = UsefulTex.swift; sourceTree = "<group>"; };
		C2E1173B2C999B31002DC520 /* UsefulInfoView.swift */ = {isa = PBXFileReference; lastKnownFileType = sourcecode.swift; path = UsefulInfoView.swift; sourceTree = "<group>"; };
/* End PBXFileReference section */

/* Begin PBXFrameworksBuildPhase section */
		C0908DD529829F8A00458ACB /* Frameworks */ = {
			isa = PBXFrameworksBuildPhase;
			buildActionMask = 2147483647;
			files = (
				C079318C2B246BAE00B38D01 /* StoreKit.framework in Frameworks */,
				C02468422BDF979A00CE5A6B /* Adhan in Frameworks */,
			);
			runOnlyForDeploymentPostprocessing = 0;
		};
/* End PBXFrameworksBuildPhase section */

/* Begin PBXGroup section */
		C008900129E1AE0C00031176 /* View */ = {
			isa = PBXGroup;
			children = (
				C0908DDD29829F8A00458ACB /* ContentView.swift */,
				C063ADE229DF2E5B00746D2E /* PlayerView.swift */,
				C0514F332998F3C000AA1776 /* PDFView.swift */,
				C008900229E1B09400031176 /* SettingsView.swift */,
				C0DC35DF2A0686A2002527D7 /* LanguageView.swift */,
				C07BE9252AA34B8900BA3A15 /* CounterTapView.swift */,
				C077B4752B20D3EA00086594 /* PurchaseView.swift */,
				C077B4792B20D45600086594 /* DonationView.swift */,
				C0908DEB2982A02E00458ACB /* CustomMidifierView.swift */,
				C0B443832AFA5CD4008513F9 /* CustomToolbar.swift */,
				C024683E2BDF972600CE5A6B /* PrayerTimeView.swift */,
				C2E1173B2C999B31002DC520 /* UsefulInfoView.swift */,
				C0908DED2982A05B00458ACB /* All Step´s */,
			);
			path = View;
			sourceTree = "<group>";
		};
		C024683C2BDF95A800CE5A6B /* ViewModel */ = {
			isa = PBXGroup;
			children = (
				C077B4772B20D41D00086594 /* StoreKit.swift */,
			);
			path = ViewModel;
			sourceTree = "<group>";
		};
		C024683D2BDF961100CE5A6B /* Model */ = {
			isa = PBXGroup;
			children = (
				C08EAFD22AF91CFB00C847AC /* textFont.swift */,
				C2E117392C999AE3002DC520 /* UsefulTex.swift */,
			);
			path = Model;
			sourceTree = "<group>";
		};
		C036BC802997A5190000FD8E /* Font */ = {
			isa = PBXGroup;
			children = (
				C036BC8A2997AD350000FD8E /* Lato-Black.ttf */,
				C036BC842997A8E40000FD8E /* Lato-Italic.ttf */,
				C036BC862997AAFA0000FD8E /* Lato-BlackItalic.ttf */,
				C036BC882997AD040000FD8E /* Lato-Bold.ttf */,
			);
			path = Font;
			sourceTree = "<group>";
		};
		C063ADE429DF2ED500746D2E /* MP3Voice */ = {
			isa = PBXGroup;
			children = (
				C063ADF029DF2FC600746D2E /* 1.mp3 */,
				C063ADE629DF2FC500746D2E /* 2.mp3 */,
				C063ADEF29DF2FC600746D2E /* 3.mp3 */,
				C063ADE829DF2FC500746D2E /* 4.mp3 */,
				C063ADE529DF2FC400746D2E /* 5.mp3 */,
				C063ADEB29DF2FC600746D2E /* 6.mp3 */,
				C063ADEA29DF2FC500746D2E /* 7.mp3 */,
				C063ADF129DF2FC700746D2E /* 8.mp3 */,
				C063ADEE29DF2FC600746D2E /* 9.mp3 */,
				C063ADE929DF2FC500746D2E /* 10.mp3 */,
				C063ADEC29DF2FC600746D2E /* 11.mp3 */,
				C063ADE729DF2FC500746D2E /* 12.mp3 */,
				C063ADED29DF2FC600746D2E /* 13.mp3 */,
			);
			path = MP3Voice;
			sourceTree = "<group>";
		};
		C075CB1B2A137ED600D4C842 /* PDF */ = {
			isa = PBXGroup;
			children = (
				C07BE9062AA3474600BA3A15 /* hadj_i_umra.pdf */,
				C05648EE2BB5AA8700E12230 /* hadj_proroka.pdf */,
			);
			path = PDF;
			sourceTree = "<group>";
		};
		C079318A2B246BAE00B38D01 /* Frameworks */ = {
			isa = PBXGroup;
			children = (
				C079318B2B246BAE00B38D01 /* StoreKit.framework */,
			);
			name = Frameworks;
			sourceTree = "<group>";
		};
		C07BE9082AA3477E00BA3A15 /* Screensh. */ = {
			isa = PBXGroup;
			children = (
				C24508ED2C9CD3AD003E3E58 /* 3.png */,
				C24508EB2C9CD3A6003E3E58 /* 2.png */,
				C24508E92C9CD39D003E3E58 /* 1.png */,
			);
			path = Screensh.;
			sourceTree = "<group>";
		};
		C0908DCF29829F8A00458ACB = {
			isa = PBXGroup;
			children = (
				C0908DDA29829F8A00458ACB /* umra */,
				C0908DD929829F8A00458ACB /* Products */,
				C079318A2B246BAE00B38D01 /* Frameworks */,
			);
			sourceTree = "<group>";
		};
		C0908DD929829F8A00458ACB /* Products */ = {
			isa = PBXGroup;
			children = (
				C0908DD829829F8A00458ACB /* umra.app */,
			);
			name = Products;
			sourceTree = "<group>";
		};
		C0908DDA29829F8A00458ACB /* umra */ = {
			isa = PBXGroup;
			children = (
				C0908DDB29829F8A00458ACB /* umraApp.swift */,
				C024683D2BDF961100CE5A6B /* Model */,
				C008900129E1AE0C00031176 /* View */,
				C024683C2BDF95A800CE5A6B /* ViewModel */,
				C07931892B24627100B38D01 /* InAppPurchase.storekit */,
				C041C79F2BB06739007381FB /* .gitignore */,
				C025CE9B2A03E4300052188D /* Localizable.strings */,
				C036BC802997A5190000FD8E /* Font */,
				C063ADE429DF2ED500746D2E /* MP3Voice */,
				C075CB1B2A137ED600D4C842 /* PDF */,
				C07BE9082AA3477E00BA3A15 /* Screensh. */,
				C0908DDF29829F8A00458ACB /* Assets.xcassets */,
				C0908DE129829F8A00458ACB /* Preview Content */,
			);
			path = umra;
			sourceTree = "<group>";
		};
		C0908DE129829F8A00458ACB /* Preview Content */ = {
			isa = PBXGroup;
			children = (
				C0908DE229829F8A00458ACB /* Preview Assets.xcassets */,
			);
			path = "Preview Content";
			sourceTree = "<group>";
		};
		C0908DED2982A05B00458ACB /* All Step´s */ = {
			isa = PBXGroup;
			children = (
				C0908DEE2982A07900458ACB /* Step 1.swift */,
				C0908DF02982A08B00458ACB /* Step 2.swift */,
				C0908DF22982A09400458ACB /* Step 3.swift */,
				C0908DF42982A09D00458ACB /* Step 4.swift */,
				C0908DF62982A0AA00458ACB /* Step 5.swift */,
				C0908DF82982A0B300458ACB /* Step 6.swift */,
				C0908DFA2982A0BC00458ACB /* Step 7.swift */,
			);
			path = "All Step´s";
			sourceTree = "<group>";
		};
/* End PBXGroup section */

/* Begin PBXNativeTarget section */
		C0908DD729829F8A00458ACB /* umra */ = {
			isa = PBXNativeTarget;
			buildConfigurationList = C0908DE629829F8A00458ACB /* Build configuration list for PBXNativeTarget "umra" */;
			buildPhases = (
				C0908DD429829F8A00458ACB /* Sources */,
				C0908DD529829F8A00458ACB /* Frameworks */,
				C0908DD629829F8A00458ACB /* Resources */,
			);
			buildRules = (
			);
			dependencies = (
			);
			name = umra;
			packageProductDependencies = (
				C02468412BDF979A00CE5A6B /* Adhan */,
			);
			productName = umra;
			productReference = C0908DD829829F8A00458ACB /* umra.app */;
			productType = "com.apple.product-type.application";
		};
/* End PBXNativeTarget section */

/* Begin PBXProject section */
		C0908DD029829F8A00458ACB /* Project object */ = {
			isa = PBXProject;
			attributes = {
				BuildIndependentTargetsInParallel = 1;
				LastSwiftUpdateCheck = 1420;
				LastUpgradeCheck = 1510;
				TargetAttributes = {
					C0908DD729829F8A00458ACB = {
						CreatedOnToolsVersion = 14.2;
					};
				};
			};
			buildConfigurationList = C0908DD329829F8A00458ACB /* Build configuration list for PBXProject "umra" */;
			compatibilityVersion = "Xcode 14.0";
			developmentRegion = ru;
			hasScannedForEncodings = 0;
			knownRegions = (
				en,
				ru,
				de,
				fr,
				Base,
			);
			mainGroup = C0908DCF29829F8A00458ACB;
			packageReferences = (
				C02468402BDF979A00CE5A6B /* XCRemoteSwiftPackageReference "adhan-swift" */,
			);
			productRefGroup = C0908DD929829F8A00458ACB /* Products */;
			projectDirPath = "";
			projectRoot = "";
			targets = (
				C0908DD729829F8A00458ACB /* umra */,
			);
		};
/* End PBXProject section */

/* Begin PBXResourcesBuildPhase section */
		C0908DD629829F8A00458ACB /* Resources */ = {
			isa = PBXResourcesBuildPhase;
			buildActionMask = 2147483647;
			files = (
				C063ADFD29DF2FC700746D2E /* 1.mp3 in Resources */,
				C063ADF229DF2FC700746D2E /* 5.mp3 in Resources */,
				C036BC8B2997AD350000FD8E /* Lato-Black.ttf in Resources */,
				C063ADF929DF2FC700746D2E /* 11.mp3 in Resources */,
				C0908DE329829F8A00458ACB /* Preview Assets.xcassets in Resources */,
				C041C7A02BB06739007381FB /* .gitignore in Resources */,
				C025CE992A03E4300052188D /* Localizable.strings in Resources */,
				C063ADF529DF2FC700746D2E /* 4.mp3 in Resources */,
				C063ADFA29DF2FC700746D2E /* 13.mp3 in Resources */,
				C24508EA2C9CD39D003E3E58 /* 1.png in Resources */,
				C063ADF429DF2FC700746D2E /* 12.mp3 in Resources */,
				C036BC892997AD040000FD8E /* Lato-Bold.ttf in Resources */,
				C24508EC2C9CD3A6003E3E58 /* 2.png in Resources */,
				C05648EF2BB5AA8700E12230 /* hadj_proroka.pdf in Resources */,
				C063ADF729DF2FC700746D2E /* 7.mp3 in Resources */,
				C07BE9072AA3474600BA3A15 /* hadj_i_umra.pdf in Resources */,
				C036BC872997AAFA0000FD8E /* Lato-BlackItalic.ttf in Resources */,
				C063ADF629DF2FC700746D2E /* 10.mp3 in Resources */,
				C063ADF829DF2FC700746D2E /* 6.mp3 in Resources */,
				C063ADFC29DF2FC700746D2E /* 3.mp3 in Resources */,
				C063ADFE29DF2FC700746D2E /* 8.mp3 in Resources */,
				C24508EE2C9CD3AD003E3E58 /* 3.png in Resources */,
				C063ADFB29DF2FC700746D2E /* 9.mp3 in Resources */,
				C063ADF329DF2FC700746D2E /* 2.mp3 in Resources */,
				C036BC852997A8E40000FD8E /* Lato-Italic.ttf in Resources */,
				C0908DE029829F8A00458ACB /* Assets.xcassets in Resources */,
			);
			runOnlyForDeploymentPostprocessing = 0;
		};
/* End PBXResourcesBuildPhase section */

/* Begin PBXSourcesBuildPhase section */
		C0908DD429829F8A00458ACB /* Sources */ = {
			isa = PBXSourcesBuildPhase;
			buildActionMask = 2147483647;
			files = (
				C077B4762B20D3EA00086594 /* PurchaseView.swift in Sources */,
				C008900329E1B09400031176 /* SettingsView.swift in Sources */,
				C0908DDE29829F8A00458ACB /* ContentView.swift in Sources */,
				C2E1173A2C999AE3002DC520 /* UsefulTex.swift in Sources */,
				C0908DF92982A0B300458ACB /* Step 6.swift in Sources */,
				C0514F342998F3C000AA1776 /* PDFView.swift in Sources */,
				C0908DF72982A0AA00458ACB /* Step 5.swift in Sources */,
				C024683F2BDF972600CE5A6B /* PrayerTimeView.swift in Sources */,
				C0908DF12982A08B00458ACB /* Step 2.swift in Sources */,
				C0908DF32982A09400458ACB /* Step 3.swift in Sources */,
				C2E1173C2C999B31002DC520 /* UsefulInfoView.swift in Sources */,
				C07BE9262AA34B8900BA3A15 /* CounterTapView.swift in Sources */,
				C0908DEF2982A07900458ACB /* Step 1.swift in Sources */,
				C0908DFB2982A0BC00458ACB /* Step 7.swift in Sources */,
				C063ADE329DF2E5B00746D2E /* PlayerView.swift in Sources */,
				C0B443842AFA5CD4008513F9 /* CustomToolbar.swift in Sources */,
				C077B4782B20D41D00086594 /* StoreKit.swift in Sources */,
				C0DC35E02A0686A2002527D7 /* LanguageView.swift in Sources */,
				C0908DDC29829F8A00458ACB /* umraApp.swift in Sources */,
				C0908DEC2982A02E00458ACB /* CustomMidifierView.swift in Sources */,
				C08EAFD32AF91CFB00C847AC /* textFont.swift in Sources */,
				C077B47A2B20D45600086594 /* DonationView.swift in Sources */,
				C0908DF52982A09E00458ACB /* Step 4.swift in Sources */,
			);
			runOnlyForDeploymentPostprocessing = 0;
		};
/* End PBXSourcesBuildPhase section */

/* Begin PBXVariantGroup section */
		C025CE9B2A03E4300052188D /* Localizable.strings */ = {
			isa = PBXVariantGroup;
			children = (
				C0DC35E12A0687DF002527D7 /* ru */,
				C0DC35E22A068F21002527D7 /* en */,
				C06B9C562A08F4A000549748 /* de */,
				C06B9C572A08F4AE00549748 /* fr */,
			);
			name = Localizable.strings;
			sourceTree = "<group>";
		};
/* End PBXVariantGroup section */

/* Begin XCBuildConfiguration section */
		C0908DE429829F8A00458ACB /* Debug */ = {
			isa = XCBuildConfiguration;
			buildSettings = {
				ALWAYS_SEARCH_USER_PATHS = NO;
				ASSETCATALOG_COMPILER_GENERATE_SWIFT_ASSET_SYMBOL_EXTENSIONS = YES;
				CLANG_ANALYZER_LOCALIZABILITY_NONLOCALIZED = YES;
				CLANG_ANALYZER_NONNULL = YES;
				CLANG_ANALYZER_NUMBER_OBJECT_CONVERSION = YES_AGGRESSIVE;
				CLANG_CXX_LANGUAGE_STANDARD = "gnu++20";
				CLANG_ENABLE_MODULES = YES;
				CLANG_ENABLE_OBJC_ARC = YES;
				CLANG_ENABLE_OBJC_WEAK = YES;
				CLANG_WARN_BLOCK_CAPTURE_AUTORELEASING = YES;
				CLANG_WARN_BOOL_CONVERSION = YES;
				CLANG_WARN_COMMA = YES;
				CLANG_WARN_CONSTANT_CONVERSION = YES;
				CLANG_WARN_DEPRECATED_OBJC_IMPLEMENTATIONS = YES;
				CLANG_WARN_DIRECT_OBJC_ISA_USAGE = YES_ERROR;
				CLANG_WARN_DOCUMENTATION_COMMENTS = YES;
				CLANG_WARN_EMPTY_BODY = YES;
				CLANG_WARN_ENUM_CONVERSION = YES;
				CLANG_WARN_INFINITE_RECURSION = YES;
				CLANG_WARN_INT_CONVERSION = YES;
				CLANG_WARN_NON_LITERAL_NULL_CONVERSION = YES;
				CLANG_WARN_OBJC_IMPLICIT_RETAIN_SELF = YES;
				CLANG_WARN_OBJC_LITERAL_CONVERSION = YES;
				CLANG_WARN_OBJC_ROOT_CLASS = YES_ERROR;
				CLANG_WARN_QUOTED_INCLUDE_IN_FRAMEWORK_HEADER = YES;
				CLANG_WARN_RANGE_LOOP_ANALYSIS = YES;
				CLANG_WARN_STRICT_PROTOTYPES = YES;
				CLANG_WARN_SUSPICIOUS_MOVE = YES;
				CLANG_WARN_UNGUARDED_AVAILABILITY = YES_AGGRESSIVE;
				CLANG_WARN_UNREACHABLE_CODE = YES;
				CLANG_WARN__DUPLICATE_METHOD_MATCH = YES;
				COPY_PHASE_STRIP = NO;
				CURRENT_PROJECT_VERSION = "";
				DEBUG_INFORMATION_FORMAT = dwarf;
				ENABLE_STRICT_OBJC_MSGSEND = YES;
				ENABLE_TESTABILITY = YES;
				ENABLE_USER_SCRIPT_SANDBOXING = YES;
				GCC_C_LANGUAGE_STANDARD = gnu11;
				GCC_DYNAMIC_NO_PIC = NO;
				GCC_NO_COMMON_BLOCKS = YES;
				GCC_OPTIMIZATION_LEVEL = 0;
				GCC_PREPROCESSOR_DEFINITIONS = (
					"DEBUG=1",
					"$(inherited)",
				);
				GCC_WARN_64_TO_32_BIT_CONVERSION = YES;
				GCC_WARN_ABOUT_RETURN_TYPE = YES_ERROR;
				GCC_WARN_UNDECLARED_SELECTOR = YES;
				GCC_WARN_UNINITIALIZED_AUTOS = YES_AGGRESSIVE;
				GCC_WARN_UNUSED_FUNCTION = YES;
				GCC_WARN_UNUSED_VARIABLE = YES;
				IPHONEOS_DEPLOYMENT_TARGET = 16.0;
				MTL_ENABLE_DEBUG_INFO = INCLUDE_SOURCE;
				MTL_FAST_MATH = YES;
				ONLY_ACTIVE_ARCH = YES;
				SDKROOT = iphoneos;
				SWIFT_ACTIVE_COMPILATION_CONDITIONS = DEBUG;
				SWIFT_OPTIMIZATION_LEVEL = "-Onone";
				VERSIONING_SYSTEM = "";
			};
			name = Debug;
		};
		C0908DE529829F8A00458ACB /* Release */ = {
			isa = XCBuildConfiguration;
			buildSettings = {
				ALWAYS_SEARCH_USER_PATHS = NO;
				ASSETCATALOG_COMPILER_GENERATE_SWIFT_ASSET_SYMBOL_EXTENSIONS = YES;
				CLANG_ANALYZER_LOCALIZABILITY_NONLOCALIZED = YES;
				CLANG_ANALYZER_NONNULL = YES;
				CLANG_ANALYZER_NUMBER_OBJECT_CONVERSION = YES_AGGRESSIVE;
				CLANG_CXX_LANGUAGE_STANDARD = "gnu++20";
				CLANG_ENABLE_MODULES = YES;
				CLANG_ENABLE_OBJC_ARC = YES;
				CLANG_ENABLE_OBJC_WEAK = YES;
				CLANG_WARN_BLOCK_CAPTURE_AUTORELEASING = YES;
				CLANG_WARN_BOOL_CONVERSION = YES;
				CLANG_WARN_COMMA = YES;
				CLANG_WARN_CONSTANT_CONVERSION = YES;
				CLANG_WARN_DEPRECATED_OBJC_IMPLEMENTATIONS = YES;
				CLANG_WARN_DIRECT_OBJC_ISA_USAGE = YES_ERROR;
				CLANG_WARN_DOCUMENTATION_COMMENTS = YES;
				CLANG_WARN_EMPTY_BODY = YES;
				CLANG_WARN_ENUM_CONVERSION = YES;
				CLANG_WARN_INFINITE_RECURSION = YES;
				CLANG_WARN_INT_CONVERSION = YES;
				CLANG_WARN_NON_LITERAL_NULL_CONVERSION = YES;
				CLANG_WARN_OBJC_IMPLICIT_RETAIN_SELF = YES;
				CLANG_WARN_OBJC_LITERAL_CONVERSION = YES;
				CLANG_WARN_OBJC_ROOT_CLASS = YES_ERROR;
				CLANG_WARN_QUOTED_INCLUDE_IN_FRAMEWORK_HEADER = YES;
				CLANG_WARN_RANGE_LOOP_ANALYSIS = YES;
				CLANG_WARN_STRICT_PROTOTYPES = YES;
				CLANG_WARN_SUSPICIOUS_MOVE = YES;
				CLANG_WARN_UNGUARDED_AVAILABILITY = YES_AGGRESSIVE;
				CLANG_WARN_UNREACHABLE_CODE = YES;
				CLANG_WARN__DUPLICATE_METHOD_MATCH = YES;
				COPY_PHASE_STRIP = NO;
				CURRENT_PROJECT_VERSION = "";
				DEBUG_INFORMATION_FORMAT = "dwarf-with-dsym";
				ENABLE_NS_ASSERTIONS = NO;
				ENABLE_STRICT_OBJC_MSGSEND = YES;
				ENABLE_USER_SCRIPT_SANDBOXING = YES;
				GCC_C_LANGUAGE_STANDARD = gnu11;
				GCC_NO_COMMON_BLOCKS = YES;
				GCC_WARN_64_TO_32_BIT_CONVERSION = YES;
				GCC_WARN_ABOUT_RETURN_TYPE = YES_ERROR;
				GCC_WARN_UNDECLARED_SELECTOR = YES;
				GCC_WARN_UNINITIALIZED_AUTOS = YES_AGGRESSIVE;
				GCC_WARN_UNUSED_FUNCTION = YES;
				GCC_WARN_UNUSED_VARIABLE = YES;
				IPHONEOS_DEPLOYMENT_TARGET = 16.0;
				MTL_ENABLE_DEBUG_INFO = NO;
				MTL_FAST_MATH = YES;
				SDKROOT = iphoneos;
				SWIFT_COMPILATION_MODE = wholemodule;
				SWIFT_OPTIMIZATION_LEVEL = "-O";
				VALIDATE_PRODUCT = YES;
				VERSIONING_SYSTEM = "";
			};
			name = Release;
		};
		C0908DE729829F8A00458ACB /* Debug */ = {
			isa = XCBuildConfiguration;
			buildSettings = {
				ASSETCATALOG_COMPILER_APPICON_NAME = "AppIcon 1";
				ASSETCATALOG_COMPILER_GLOBAL_ACCENT_COLOR_NAME = AccentColor;
				CODE_SIGN_STYLE = Automatic;
				CURRENT_PROJECT_VERSION = 1;
				DEVELOPMENT_ASSET_PATHS = "\"umra/Preview Content\"";
				DEVELOPMENT_TEAM = 93NA5FP2X8;
				ENABLE_PREVIEWS = YES;
				GENERATE_INFOPLIST_FILE = YES;
				INFOPLIST_FILE = umra/Info.plist;
				INFOPLIST_KEY_CFBundleDisplayName = UMRA;
				INFOPLIST_KEY_LSApplicationCategoryType = "public.app-category.lifestyle";
				INFOPLIST_KEY_UIApplicationSceneManifest_Generation = YES;
				INFOPLIST_KEY_UIApplicationSupportsIndirectInputEvents = YES;
				INFOPLIST_KEY_UILaunchScreen_Generation = YES;
				INFOPLIST_KEY_UIStatusBarStyle = "";
				INFOPLIST_KEY_UISupportedInterfaceOrientations_iPad = "UIInterfaceOrientationPortrait UIInterfaceOrientationPortraitUpsideDown UIInterfaceOrientationLandscapeLeft UIInterfaceOrientationLandscapeRight";
				INFOPLIST_KEY_UISupportedInterfaceOrientations_iPhone = "UIInterfaceOrientationPortrait UIInterfaceOrientationLandscapeLeft UIInterfaceOrientationLandscapeRight";
				IPHONEOS_DEPLOYMENT_TARGET = 17.3;
				MARKETING_VERSION = 4.0.6;
				PRODUCT_BUNDLE_IDENTIFIER = "saydulayev.wien-gmail.com.umra";
				PRODUCT_NAME = "$(TARGET_NAME)";
				SUPPORTED_PLATFORMS = "iphoneos iphonesimulator";
				SUPPORTS_MACCATALYST = NO;
				SUPPORTS_MAC_DESIGNED_FOR_IPHONE_IPAD = NO;
				SWIFT_EMIT_LOC_STRINGS = YES;
				SWIFT_VERSION = 5.0;
				TARGETED_DEVICE_FAMILY = "1,2";
			};
			name = Debug;
		};
		C0908DE829829F8A00458ACB /* Release */ = {
			isa = XCBuildConfiguration;
			buildSettings = {
				ASSETCATALOG_COMPILER_APPICON_NAME = "AppIcon 1";
				ASSETCATALOG_COMPILER_GLOBAL_ACCENT_COLOR_NAME = AccentColor;
				CODE_SIGN_ENTITLEMENTS = "";
				CODE_SIGN_IDENTITY = "Apple Development";
				CODE_SIGN_STYLE = Automatic;
				CURRENT_PROJECT_VERSION = 1;
				DEVELOPMENT_ASSET_PATHS = "\"umra/Preview Content\"";
				DEVELOPMENT_TEAM = 93NA5FP2X8;
				ENABLE_PREVIEWS = YES;
				GENERATE_INFOPLIST_FILE = YES;
				INFOPLIST_FILE = umra/Info.plist;
				INFOPLIST_KEY_CFBundleDisplayName = UMRA;
				INFOPLIST_KEY_LSApplicationCategoryType = "public.app-category.lifestyle";
				INFOPLIST_KEY_UIApplicationSceneManifest_Generation = YES;
				INFOPLIST_KEY_UIApplicationSupportsIndirectInputEvents = YES;
				INFOPLIST_KEY_UILaunchScreen_Generation = YES;
				INFOPLIST_KEY_UIStatusBarStyle = "";
				INFOPLIST_KEY_UISupportedInterfaceOrientations_iPad = "UIInterfaceOrientationPortrait UIInterfaceOrientationPortraitUpsideDown UIInterfaceOrientationLandscapeLeft UIInterfaceOrientationLandscapeRight";
				INFOPLIST_KEY_UISupportedInterfaceOrientations_iPhone = "UIInterfaceOrientationPortrait UIInterfaceOrientationLandscapeLeft UIInterfaceOrientationLandscapeRight";
				IPHONEOS_DEPLOYMENT_TARGET = 17.3;
				MARKETING_VERSION = 4.0.6;
				PRODUCT_BUNDLE_IDENTIFIER = "saydulayev.wien-gmail.com.umra";
				PRODUCT_NAME = "$(TARGET_NAME)";
				PROVISIONING_PROFILE_SPECIFIER = "";
				SUPPORTED_PLATFORMS = "iphoneos iphonesimulator";
				SUPPORTS_MACCATALYST = NO;
				SUPPORTS_MAC_DESIGNED_FOR_IPHONE_IPAD = NO;
				SWIFT_EMIT_LOC_STRINGS = YES;
				SWIFT_VERSION = 5.0;
				TARGETED_DEVICE_FAMILY = "1,2";
			};
			name = Release;
		};
/* End XCBuildConfiguration section */

/* Begin XCConfigurationList section */
		C0908DD329829F8A00458ACB /* Build configuration list for PBXProject "umra" */ = {
			isa = XCConfigurationList;
			buildConfigurations = (
				C0908DE429829F8A00458ACB /* Debug */,
				C0908DE529829F8A00458ACB /* Release */,
			);
			defaultConfigurationIsVisible = 0;
			defaultConfigurationName = Release;
		};
		C0908DE629829F8A00458ACB /* Build configuration list for PBXNativeTarget "umra" */ = {
			isa = XCConfigurationList;
			buildConfigurations = (
				C0908DE729829F8A00458ACB /* Debug */,
				C0908DE829829F8A00458ACB /* Release */,
			);
			defaultConfigurationIsVisible = 0;
			defaultConfigurationName = Release;
		};
/* End XCConfigurationList section */

/* Begin XCRemoteSwiftPackageReference section */
		C02468402BDF979A00CE5A6B /* XCRemoteSwiftPackageReference "adhan-swift" */ = {
			isa = XCRemoteSwiftPackageReference;
			repositoryURL = "https://github.com/batoulapps/adhan-swift";
			requirement = {
				kind = upToNextMajorVersion;
				minimumVersion = 1.4.0;
			};
		};
/* End XCRemoteSwiftPackageReference section */

/* Begin XCSwiftPackageProductDependency section */
		C02468412BDF979A00CE5A6B /* Adhan */ = {
			isa = XCSwiftPackageProductDependency;
			package = C02468402BDF979A00CE5A6B /* XCRemoteSwiftPackageReference "adhan-swift" */;
			productName = Adhan;
		};
/* End XCSwiftPackageProductDependency section */
	};
	rootObject = C0908DD029829F8A00458ACB /* Project object */;
}
